{
  "originHash" : "f00d94898092f1b17667492c4529abdf36c708558b82998cf666ad00a877d7b4",
  "pins" : [
    {
      "identity" : "kakaomapssdk-spm",
      "kind" : "remoteSourceControl",
      "location" : "https://github.com/kakao-mapsSDK/KakaoMapsSDK-SPM",
      "state" : {
        "revision" : "eb68e7b2ada27deb652acf07b985d111b5c16895",
        "version" : "2.10.5"
      }
    },
    {
      "identity" : "snapkit",
      "kind" : "remoteSourceControl",
      "location" : "https://github.com/SnapKit/SnapKit.git",
      "state" : {
        "revision" : "2842e6e84e82eb9a8dac0100ca90d9444b0307f4",
        "version" : "5.7.1"
      }
    }
  ],
  "version" : 3
}
